{
  "version": 4,
  "terraform_version": "1.6.3",
  "serial": 18,
  "lineage": "422971ef-2285-52e8-dd60-01bc7f807c5c",
  "outputs": {},
  "resources": [
    {
      "mode": "managed",
      "type": "google_compute_firewall",
      "name": "allow_http_3000",
      "provider": "provider[\"registry.terraform.io/hashicorp/google\"]",
      "instances": [
        {
          "schema_version": 1,
          "attributes": {
            "allow": [
              {
                "ports": [
                  "3000"
                ],
                "protocol": "tcp"
              }
            ],
            "creation_timestamp": "2023-11-07T19:47:13.752-08:00",
            "deny": [],
            "description": "",
            "destination_ranges": [],
            "direction": "INGRESS",
            "disabled": false,
            "enable_logging": null,
            "id": "projects/employee-management-404119/global/firewalls/allow-http-3000",
            "log_config": [],
            "name": "allow-http-3000",
            "network": "https://www.googleapis.com/compute/v1/projects/employee-management-404119/global/networks/default",
            "priority": 1000,
            "project": "employee-management-404119",
            "self_link": "https://www.googleapis.com/compute/v1/projects/employee-management-404119/global/firewalls/allow-http-3000",
            "source_ranges": [
              "0.0.0.0/0"
            ],
            "source_service_accounts": [],
            "source_tags": [],
            "target_service_accounts": [],
            "target_tags": [
              "allow-http-3000"
            ],
            "timeouts": null
          },
          "sensitive_attributes": [],
          "private": "eyJlMmJmYjczMC1lY2FhLTExZTYtOGY4OC0zNDM2M2JjN2M0YzAiOnsiY3JlYXRlIjoxMjAwMDAwMDAwMDAwLCJkZWxldGUiOjEyMDAwMDAwMDAwMDAsInVwZGF0ZSI6MTIwMDAwMDAwMDAwMH0sInNjaGVtYV92ZXJzaW9uIjoiMSJ9"
        }
      ]
    },
    {
      "mode": "managed",
      "type": "google_compute_instance",
      "name": "terraform_vm",
      "provider": "provider[\"registry.terraform.io/hashicorp/google\"]",
      "instances": [
        {
          "schema_version": 6,
          "attributes": {
            "advanced_machine_features": [],
            "allow_stopping_for_update": null,
            "attached_disk": [],
            "boot_disk": [
              {
                "auto_delete": true,
                "device_name": "persistent-disk-0",
                "disk_encryption_key_raw": "",
                "disk_encryption_key_sha256": "",
                "initialize_params": [
                  {
                    "image": "https://www.googleapis.com/compute/v1/projects/ubuntu-os-cloud/global/images/ubuntu-minimal-2004-focal-v20231031",
                    "labels": {},
                    "resource_manager_tags": null,
                    "size": 10,
                    "type": "pd-standard"
                  }
                ],
                "kms_key_self_link": "",
                "mode": "READ_WRITE",
                "source": "https://www.googleapis.com/compute/v1/projects/employee-management-404119/zones/us-central1-a/disks/terraform-vm"
              }
            ],
            "can_ip_forward": false,
            "confidential_instance_config": [],
            "cpu_platform": "Intel Broadwell",
            "current_status": "RUNNING",
            "deletion_protection": false,
            "description": "",
            "desired_status": null,
            "effective_labels": {},
            "enable_display": false,
            "guest_accelerator": [],
            "hostname": "",
            "id": "projects/employee-management-404119/zones/us-central1-a/instances/terraform-vm",
            "instance_id": "7264036791687494442",
            "label_fingerprint": "42WmSpB8rSM=",
            "labels": null,
            "machine_type": "e2-micro",
            "metadata": {
              "ssh-keys": "root:ssh-rsa AAAAB3NzaC1yc2EAAAADAQABAAABAQC92S1vQ/OV7I1pJQTp61rw7TAoVVOHS0BYoS/r8aV2we8B1p7jpjHeIso7e5+OttKG4D0I27J3vdoDjgAPZeW/FMXqz//gHyEQWlJLKSLp0pMz/bivyrXVj41GTv6eJhGI4X0n264srv6G9ihgAZgZ1Bh854cF/OvHxgjrlTNwKNsUGKW/4e1ilmy3lBnpJDplhPtAc47g7PVzcFHsoNZRvdqhQbA9Zhxh6EDi8ruQ6Izs/X8GQm/3s241HvQz4UG/yfUSXRRCe/YU1kDPQFiKoqzSWM9dGFaan9T1VVxdfcmOFSu9F4UW+J40SFqu6bA7WbwU46/sXjOuynzlyLnx xavgar9@gmail.com\n"
            },
            "metadata_fingerprint": "-i0StbE2FiY=",
            "metadata_startup_script": "# Install basic packages\nsudo apt update\nsudo apt install -y build-essential\nsudo apt install -y git\n\n# Install packages to allow apt to use a repository over HTTPS\nsudo apt install apt-transport-https ca-certificates curl software-properties-common\n\n# Add Docker’s official GPG key\ncurl -fsSL https://download.docker.com/linux/ubuntu/gpg | sudo apt-key add - \n\n# The following command is to set up the stable repository\nsudo add-apt-repository \"deb [arch=amd64] https://download.docker.com/linux/ubuntu `lsb_release -cs` stable\" \n\n# Update the apt package index, and install the latest version of Docker Engine and containerd, or go to the next step to install a specific version\nsudo apt update \nsudo apt install -y docker-ce\n\n# Clone the repository\ngit clone https://github.com/xavgar9/EmployeeManagementTerraform",
            "min_cpu_platform": "",
            "name": "terraform-vm",
            "network_interface": [
              {
                "access_config": [
                  {
                    "nat_ip": "34.69.41.181",
                    "network_tier": "PREMIUM",
                    "public_ptr_domain_name": ""
                  }
                ],
                "alias_ip_range": [],
                "internal_ipv6_prefix_length": 0,
                "ipv6_access_config": [],
                "ipv6_access_type": "",
                "ipv6_address": "",
                "name": "nic0",
                "network": "https://www.googleapis.com/compute/v1/projects/employee-management-404119/global/networks/default",
                "network_ip": "10.128.0.22",
                "nic_type": "",
                "queue_count": 0,
                "stack_type": "IPV4_ONLY",
                "subnetwork": "https://www.googleapis.com/compute/v1/projects/employee-management-404119/regions/us-central1/subnetworks/default",
                "subnetwork_project": "employee-management-404119"
              }
            ],
            "network_performance_config": [],
            "params": [],
            "project": "employee-management-404119",
            "reservation_affinity": [],
            "resource_policies": null,
            "scheduling": [
              {
                "automatic_restart": true,
                "instance_termination_action": "",
                "local_ssd_recovery_timeout": [],
                "min_node_cpus": 0,
                "node_affinities": [],
                "on_host_maintenance": "MIGRATE",
                "preemptible": false,
                "provisioning_model": "STANDARD"
              }
            ],
            "scratch_disk": [],
            "self_link": "https://www.googleapis.com/compute/v1/projects/employee-management-404119/zones/us-central1-a/instances/terraform-vm",
            "service_account": [],
            "shielded_instance_config": [
              {
                "enable_integrity_monitoring": true,
                "enable_secure_boot": false,
                "enable_vtpm": true
              }
            ],
            "tags": [
              "allow-http-3000",
              "default-allow-ssh"
            ],
            "tags_fingerprint": "SsHRpLP5i-w=",
            "terraform_labels": {},
            "timeouts": null,
            "zone": "us-central1-a"
          },
          "sensitive_attributes": [],
          "private": "eyJlMmJmYjczMC1lY2FhLTExZTYtOGY4OC0zNDM2M2JjN2M0YzAiOnsiY3JlYXRlIjoxMjAwMDAwMDAwMDAwLCJkZWxldGUiOjEyMDAwMDAwMDAwMDAsInVwZGF0ZSI6MTIwMDAwMDAwMDAwMH0sInNjaGVtYV92ZXJzaW9uIjoiNiJ9"
        }
      ]
    }
  ],
  "check_results": null
}
